
Microsoft Visual Studio Solution File, Format Version 12.00
# Visual Studio 2013
VisualStudioVersion = 12.0.30501.0
MinimumVisualStudioVersion = 10.0.40219.1
Project("{FAE04EC0-301F-11D3-BF4B-00C04F79EFBC}") = "Folkeregister.Domain", "Folkeregister.Domain\Folkeregister.Domain.csproj", "{47BB9AE8-28E7-4AFD-83AB-C09895CD2B18}"
EndProject
Project("{FAE04EC0-301F-11D3-BF4B-00C04F79EFBC}") = "Folkeregister.Infrastructure", "Folkeregister.Infrastructure\Folkeregister.Infrastructure.csproj", "{562450EA-F364-45C2-A0BE-27132B0B8503}"
EndProject
Project("{F2A71F9B-5D33-465A-A702-920D77279786}") = "Folkeregister.Contracts", "Folkeregister.Contracts\Folkeregister.Contracts.fsproj", "{0C925A7D-8587-4FA8-ABEB-A9338647DAD6}"
EndProject
Project("{FAE04EC0-301F-11D3-BF4B-00C04F79EFBC}") = "Folkeregister.Domain.Tests", "Folkeregister.Domain.Tests\Folkeregister.Domain.Tests.csproj", "{FBD36BEA-03CD-4685-BD8F-DB3805725BE6}"
EndProject
Project("{FAE04EC0-301F-11D3-BF4B-00C04F79EFBC}") = "Folkeregister.Web", "Folkeregister.Web\Folkeregister.Web.csproj", "{13D939AF-3C98-4720-8BD1-8F1BFB57F836}"
EndProject
Project("{2150E333-8FDC-42A3-9474-1A3956D46DE8}") = ".nuget", ".nuget", "{0EC15ED5-D5DA-458C-9777-5422642E2A44}"
	ProjectSection(SolutionItems) = preProject
		.nuget\NuGet.Config = .nuget\NuGet.Config
		.nuget\NuGet.exe = .nuget\NuGet.exe
		.nuget\NuGet.targets = .nuget\NuGet.targets
	EndProjectSection
EndProject
Global
	GlobalSection(SolutionConfigurationPlatforms) = preSolution
		Debug|Any CPU = Debug|Any CPU
		Release|Any CPU = Release|Any CPU
	EndGlobalSection
	GlobalSection(ProjectConfigurationPlatforms) = postSolution
		{47BB9AE8-28E7-4AFD-83AB-C09895CD2B18}.Debug|Any CPU.ActiveCfg = Debug|Any CPU
		{47BB9AE8-28E7-4AFD-83AB-C09895CD2B18}.Debug|Any CPU.Build.0 = Debug|Any CPU
		{47BB9AE8-28E7-4AFD-83AB-C09895CD2B18}.Release|Any CPU.ActiveCfg = Release|Any CPU
		{47BB9AE8-28E7-4AFD-83AB-C09895CD2B18}.Release|Any CPU.Build.0 = Release|Any CPU
		{562450EA-F364-45C2-A0BE-27132B0B8503}.Debug|Any CPU.ActiveCfg = Debug|Any CPU
		{562450EA-F364-45C2-A0BE-27132B0B8503}.Debug|Any CPU.Build.0 = Debug|Any CPU
		{562450EA-F364-45C2-A0BE-27132B0B8503}.Release|Any CPU.ActiveCfg = Release|Any CPU
		{562450EA-F364-45C2-A0BE-27132B0B8503}.Release|Any CPU.Build.0 = Release|Any CPU
		{0C925A7D-8587-4FA8-ABEB-A9338647DAD6}.Debug|Any CPU.ActiveCfg = Debug|Any CPU
		{0C925A7D-8587-4FA8-ABEB-A9338647DAD6}.Debug|Any CPU.Build.0 = Debug|Any CPU
		{0C925A7D-8587-4FA8-ABEB-A9338647DAD6}.Release|Any CPU.ActiveCfg = Release|Any CPU
		{0C925A7D-8587-4FA8-ABEB-A9338647DAD6}.Release|Any CPU.Build.0 = Release|Any CPU
		{FBD36BEA-03CD-4685-BD8F-DB3805725BE6}.Debug|Any CPU.ActiveCfg = Debug|Any CPU
		{FBD36BEA-03CD-4685-BD8F-DB3805725BE6}.Debug|Any CPU.Build.0 = Debug|Any CPU
		{FBD36BEA-03CD-4685-BD8F-DB3805725BE6}.Release|Any CPU.ActiveCfg = Release|Any CPU
		{FBD36BEA-03CD-4685-BD8F-DB3805725BE6}.Release|Any CPU.Build.0 = Release|Any CPU
		{13D939AF-3C98-4720-8BD1-8F1BFB57F836}.Debug|Any CPU.ActiveCfg = Debug|Any CPU
		{13D939AF-3C98-4720-8BD1-8F1BFB57F836}.Debug|Any CPU.Build.0 = Debug|Any CPU
		{13D939AF-3C98-4720-8BD1-8F1BFB57F836}.Release|Any CPU.ActiveCfg = Release|Any CPU
		{13D939AF-3C98-4720-8BD1-8F1BFB57F836}.Release|Any CPU.Build.0 = Release|Any CPU
	EndGlobalSection
	GlobalSection(SolutionProperties) = preSolution
		HideSolutionNode = FALSE
	EndGlobalSection
EndGlobal
